
Microsoft Visual Studio Solution File, Format Version 12.00
# Visual Studio Version 16
VisualStudioVersion = 16.0.33027.164
MinimumVisualStudioVersion = 10.0.40219.1
Project("{FAE04EC0-301F-11D3-BF4B-00C04F79EFBC}") = "MusicManagement", "MusicManagement\MusicManagement.csproj", "{9CA18115-1522-47A1-A72E-A7DCB299B529}"
EndProject
Project("{FAE04EC0-301F-11D3-BF4B-00C04F79EFBC}") = "Service", "Service\Service.csproj", "{4B75065F-05A9-4138-8015-1DAFA3CA48B2}"
EndProject
Global
	GlobalSection(SolutionConfigurationPlatforms) = preSolution
		Debug|Any CPU = Debug|Any CPU
		Release|Any CPU = Release|Any CPU
	EndGlobalSection
	GlobalSection(ProjectConfigurationPlatforms) = postSolution
		{9CA18115-1522-47A1-A72E-A7DCB299B529}.Debug|Any CPU.ActiveCfg = Debug|Any CPU
		{9CA18115-1522-47A1-A72E-A7DCB299B529}.Debug|Any CPU.Build.0 = Debug|Any CPU
		{9CA18115-1522-47A1-A72E-A7DCB299B529}.Release|Any CPU.ActiveCfg = Release|Any CPU
		{9CA18115-1522-47A1-A72E-A7DCB299B529}.Release|Any CPU.Build.0 = Release|Any CPU
		{4B75065F-05A9-4138-8015-1DAFA3CA48B2}.Debug|Any CPU.ActiveCfg = Debug|Any CPU
		{4B75065F-05A9-4138-8015-1DAFA3CA48B2}.Debug|Any CPU.Build.0 = Debug|Any CPU
		{4B75065F-05A9-4138-8015-1DAFA3CA48B2}.Release|Any CPU.ActiveCfg = Release|Any CPU
		{4B75065F-05A9-4138-8015-1DAFA3CA48B2}.Release|Any CPU.Build.0 = Release|Any CPU
	EndGlobalSection
	GlobalSection(SolutionProperties) = preSolution
		HideSolutionNode = FALSE
	EndGlobalSection
	GlobalSection(ExtensibilityGlobals) = postSolution
		SolutionGuid = {CD72720E-0694-4BA3-80E7-FEA9D06C1D5A}
	EndGlobalSection
EndGlobal
